
Microsoft Visual Studio Solution File, Format Version 12.00
# Visual Studio 15
VisualStudioVersion = 15.0.27428.2015
MinimumVisualStudioVersion = 10.0.40219.1
Project("{FAE04EC0-301F-11D3-BF4B-00C04F79EFBC}") = "favorites-converter", "favorites-converter\favorites-converter.csproj", "{572B7139-63CF-44B3-A7D1-102A1D44AE59}"
EndProject
Global
	GlobalSection(SolutionConfigurationPlatforms) = preSolution
		Debug|Any CPU = Debug|Any CPU
		Release|Any CPU = Release|Any CPU
	EndGlobalSection
	GlobalSection(ProjectConfigurationPlatforms) = postSolution
		{572B7139-63CF-44B3-A7D1-102A1D44AE59}.Debug|Any CPU.ActiveCfg = Debug|Any CPU
		{572B7139-63CF-44B3-A7D1-102A1D44AE59}.Debug|Any CPU.Build.0 = Debug|Any CPU
		{572B7139-63CF-44B3-A7D1-102A1D44AE59}.Release|Any CPU.ActiveCfg = Release|Any CPU
		{572B7139-63CF-44B3-A7D1-102A1D44AE59}.Release|Any CPU.Build.0 = Release|Any CPU
	EndGlobalSection
	GlobalSection(SolutionProperties) = preSolution
		HideSolutionNode = FALSE
	EndGlobalSection
	GlobalSection(ExtensibilityGlobals) = postSolution
		SolutionGuid = {663764B3-6E70-47FD-9CFC-EA989F9A30A8}
	EndGlobalSection
EndGlobal
